{
    "_meta": {
        "hash": {
            "sha256": "76b48e385943fcbfd3ea7a34153a84e61cdbe4332a92e8db1e153d7baeb87962"
        },
        "host-environment-markers": {
            "implementation_name": "cpython",
            "implementation_version": "3.6.4",
            "os_name": "posix",
            "platform_machine": "x86_64",
            "platform_python_implementation": "CPython",
            "platform_release": "17.4.0",
            "platform_system": "Darwin",
            "platform_version": "Darwin Kernel Version 17.4.0: Sun Dec 17 09:19:54 PST 2017; root:xnu-4570.41.2~1/RELEASE_X86_64",
            "python_full_version": "3.6.4",
            "python_version": "3.6",
            "sys_platform": "darwin"
        },
        "pipfile-spec": 6,
        "requires": {
            "python_version": "3.6"
        },
        "sources": [
            {
                "name": "pypi",
                "url": "https://pypi.python.org/simple",
                "verify_ssl": true
            }
        ]
    },
    "default": {
        "certifi": {
            "hashes": [
                "sha256:14131608ad2fd56836d33a71ee60fa1c82bc9d2c8d98b7bdbc631fe1b3cd1296",
                "sha256:edbc3f203427eef571f79a7692bb160a2b0f7ccaa31953e99bd17e307cf63f7d"
            ],
            "version": "==2018.1.18"
        },
        "chardet": {
            "hashes": [
                "sha256:fc323ffcaeaed0e0a02bf4d117757b98aed530d9ed4531e3e15460124c106691",
                "sha256:84ab92ed1c4d4f16916e05906b6b75a6c0fb5db821cc65e70cbd64a3e2a5eaae"
            ],
            "version": "==3.0.4"
        },
        "click": {
            "hashes": [
                "sha256:29f99fc6125fbc931b758dc053b3114e55c77a6e4c6c3a2674a2dc986016381d",
                "sha256:f15516df478d5a56180fbf80e68f206010e6d160fc39fa508b65e035fd75130b"
            ],
            "version": "==6.7"
        },
        "cytoolz": {
            "hashes": [
                "sha256:5ebb55855a8bb7800afa58e52408763935527e0305f35600c71b43c86013dec2"
            ],
            "version": "==0.9.0"
        },
        "eth-abi": {
            "hashes": [
                "sha256:e6a50d3e0a1de26e55f8ec88e1854560191d2d27ac64c12363141b40065a9d38",
                "sha256:ce1d514390b331d7dd63e6f0d9d8fdb289e2f5974e5346dfa91e42aefe452e8e"
            ],
            "version": "==0.5.0"
        },
        "eth-keys": {
            "hashes": [
                "sha256:0055ad91bfeee4d0a43e9be76ba7b5038eb3cba7c3e0bece8b140045d493c37a",
                "sha256:5f1fc4830ce0da32e2c7bb5a593c429cc4a257996d3a0db0131894918c88b3dc"
            ],
            "version": "==0.1.0b4"
        },
        "eth-tester": {
            "hashes": [
                "sha256:4796eb590b4b7db8a5a423059a0a5189b72565a765c8c8e46ae8b841627366ca",
                "sha256:a8ae607163e4a5c990800c4abf84783d4ef8639928d21ec9254364f779ce5905"
            ],
            "version": "==0.1.0b11"
        },
        "eth-utils": {
            "hashes": [
                "sha256:202a813b5ef0812d5f0d050cb725b1f4a6212a08d0631099cbee6fd9df1bfa4f",
                "sha256:fea1953c6ae90a4f5e97745a50c1e1f5ce43d63f28c9fe1659725177c28275a1"
            ],
            "version": "==0.7.4"
        },
        "ethereum": {
            "hashes": [
                "sha256:ba247c0852554241917a4f191507a94a41a29cf22b5ed07c1fb7c66421d1defc"
            ],
            "version": "==2.3.0"
        },
        "flask": {
            "hashes": [
                "sha256:0749df235e3ff61ac108f69ac178c9770caeaccad2509cb762ce1f65570a8856",
                "sha256:49f44461237b69ecd901cc7ce66feea0319b9158743dd27a2899962ab214dac1"
            ],
            "version": "==0.12.2"
        },
        "future": {
            "hashes": [
                "sha256:e39ced1ab767b5936646cedba8bcce582398233d6a627067d4c6a454c90cfedb"
            ],
            "version": "==0.16.0"
        },
        "idna": {
            "hashes": [
                "sha256:8c7309c718f94b3a625cb648ace320157ad16ff131ae0af362c9f21b80ef6ec4",
                "sha256:2c6a5de3089009e3da7c5dde64a141dbc8551d5b7f6cf4ed7c2568d0cc520a8f"
            ],
            "version": "==2.6"
        },
        "itsdangerous": {
            "hashes": [
                "sha256:cbb3fcf8d3e33df861709ecaf89d9e6629cff0a217bc2848f1b41cd30d360519"
            ],
            "version": "==0.24"
        },
        "jinja2": {
            "hashes": [
                "sha256:74c935a1b8bb9a3947c50a54766a969d4846290e1e788ea44c1392163723c3bd",
                "sha256:f84be1bb0040caca4cea721fcbbbbd61f9be9464ca236387158b0feea01914a4"
            ],
            "version": "==2.10"
        },
        "lru-dict": {
            "hashes": [
                "sha256:365457660e3d05b76f1aba3e0f7fedbfcd6528e97c5115a351ddd0db488354cc"
            ],
            "version": "==1.1.6"
        },
        "markupsafe": {
            "hashes": [
                "sha256:a6be69091dac236ea9c6bc7d012beab42010fa914c459791d627dad4910eb665"
            ],
            "version": "==1.0"
        },
        "pbkdf2": {
            "hashes": [
                "sha256:ac6397369f128212c43064a2b4878038dab78dab41875364554aaf2a684e6979"
            ],
            "version": "==1.3"
        },
        "py-ecc": {
            "hashes": [
                "sha256:f747ea69d40160c0a158c116bc3656eece9457cec446c8bfaffffd62f835de56",
                "sha256:c7808a70c08bfc5c07b328f4df4406cfd3e365dd81f63bdd997c3c1eae34334a"
            ],
            "version": "==1.4.2"
        },
        "py-solc": {
            "hashes": [
                "sha256:90b7308abe35825979a1a03294bc383b5282bebdf9db1dda58223142dc7e9955",
                "sha256:0e657cc639b91649084901c00f0b14b921d40ab1b2faed0fb1216e80999bda72"
            ],
            "version": "==2.1.0"
        },
        "pycryptodome": {
            "hashes": [
                "sha256:a29949dca189e65974cb241a742f35ecafe514a9ac9526c5277b25fc43d46e4a",
                "sha256:bbd9164c7f319b2df3509ae9c997a84f726a4c728bbf7e33fac68ca31c377a2a",
                "sha256:1ff7fd63dea53cb8032e229c35b1b4f8f4dbb0ad3a410677c2da94113e323b7c",
                "sha256:df91961df04856976cf197cee072e17b1e193a32dacf9d97335105a4785f6370",
                "sha256:5ed92aaf3eeafa84193ef56c0e2726ac8fc6324839214e00868cb7aae15ac819",
                "sha256:caff049858f0c6471005b968fafff7824d8deda72eb4a3bc649bd42d05d9d9a9",
                "sha256:2a531312dd3460f25f565d8c24c63b3f02bcd4df7cbd65fc0d215cd44e2bceb0",
                "sha256:84aa0aa39e3f0d948a7f73bb443bc41936d749c6dc105656703845e0cd2410ba",
                "sha256:7f8c4d7a2367a8bf3d65564f33ebd8bfcc278b0d5df962579c2546b35d370b25",
                "sha256:b8b8695f442b3cd03ab1114e5765dd79ea334a2ae23ad0dcba47033dd3acb0cf",
                "sha256:3165de346fa68889fb258d85352df6db36c314d9e50f18215abbeb113c91eb3a",
                "sha256:7ee95f2d859f6dca2b01ba4e2245e0d102b0c35aff2269a9541dc70421949411",
                "sha256:8e2c3e4bf9a49be16858f81fa6a283c789b489df9d0a57cfac200dd36f1ed4f0",
                "sha256:2af97d4e3734d449f1cb6be8344f1cdc3e20b7ba08c3223cf0f93ae3ad2850e7",
                "sha256:fe8ff144f82302021481150d6b86aa8445288faad331fa645a91e65bddc256b4",
                "sha256:84abcf9d5d36c38ca0b70b6e89fb9e9deb19eb5b18ac865157f118c733fdb495",
                "sha256:b59778f268acc8c67d71a9f0a182211209e69dba55aedd53315d3a2a34378f96",
                "sha256:6340ef775a2ae164e62be4390a8b382307b317a1994bec594d787c4adaada18c",
                "sha256:db3a5dc5dedaaa72a0339e2ff92bd749db13111acf5d2ba4e1492a61110e493e",
                "sha256:8da80b68e39efc87cf7a135cf86f183abff775779690b6a3dfe1f8640142a9ea",
                "sha256:38af2a480db3cd1b19411b597a022ae478b6c2b1383a857b2af161f800a3dba3",
                "sha256:3b07e5231f1ad8f5962b195d030425aa9978570d6ccf59c585e50e57a3efae2d",
                "sha256:00cc7767c7bbe91f15a65a1b2ebe7a08002b8ae8221c1dcecc5c5c9ab6f79753"
            ],
            "version": "==3.4.9"
        },
        "pyethash": {
            "hashes": [
                "sha256:ff66319ce26b9d77df1f610942634dac9742e216f2c27b051c0a2c2dec9c2818"
            ],
            "version": "==0.1.27"
        },
        "pysha3": {
            "hashes": [
                "sha256:6e6a84efb7856f5d760ee55cd2b446972cb7b835676065f6c4f694913ea8f8d9",
                "sha256:f9046d59b3e72aa84f6dae83a040bd1184ebd7fef4e822d38186a8158c89e3cf",
                "sha256:68c3a60a39f9179b263d29e221c1bd6e01353178b14323c39cc70593c30f21c5",
                "sha256:59111c08b8f34495575d12e5f2ce3bafb98bea470bc81e70c8b6df99aef0dd2f",
                "sha256:9fdd28884c5d0b4edfed269b12badfa07f1c89dbc5c9c66dd279833894a9896b",
                "sha256:41be70b06c8775a9e4d4eeb52f2f6a3f356f17539a54eac61f43a29e42fd453d",
                "sha256:571a246308a7b63f15f5aa9651f99cf30f2a6acba18eddf28f1510935968b603",
                "sha256:93abd775dac570cb9951c4e423bcb2bc6303a9d1dc0dc2b7afa2dd401d195b24",
                "sha256:11a2ba7a2e1d9669d0052fc8fb30f5661caed5512586ecbeeaf6bf9478ab5c48",
                "sha256:5ec8da7c5c70a53b5fa99094af3ba8d343955b212bc346a0d25f6ff75853999f",
                "sha256:9c778fa8b161dc9348dc5cc361e94d54aa5ff18413788f4641f6600d4893a608",
                "sha256:fd7e66999060d079e9c0e8893e78d8017dad4f59721f6fe0be6307cd32127a07",
                "sha256:827b308dc025efe9b6b7bae36c2e09ed0118a81f792d888548188e97b9bf9a3d",
                "sha256:4416f16b0f1605c25f627966f76873e432971824778b369bd9ce1bb63d6566d9",
                "sha256:c93a2676e6588abcfaecb73eb14485c81c63b94fca2000a811a7b4fb5937b8e8",
                "sha256:684cb01d87ed6ff466c135f1c83e7e4042d0fc668fa20619f581e6add1d38d77",
                "sha256:386998ee83e313b6911327174e088021f9f2061cbfa1651b97629b761e9ef5c4",
                "sha256:c7c2adcc43836223680ebdf91f1d3373543dc32747c182c8ca2e02d1b69ce030",
                "sha256:cd5c961b603bd2e6c2b5ef9976f3238a561c58569945d4165efb9b9383b050ef",
                "sha256:0060a66be16665d90c432f55a0ba1f6480590cfb7d2ad389e688a399183474f0",
                "sha256:fe988e73f2ce6d947220624f04d467faf05f1bbdbc64b0a201296bb3af92739e"
            ],
            "version": "==1.0.2"
        },
        "pyyaml": {
            "hashes": [
                "sha256:3262c96a1ca437e7e4763e2843746588a965426550f3797a79fca9c6199c431f",
                "sha256:16b20e970597e051997d90dc2cddc713a2876c47e3d92d59ee198700c5427736",
                "sha256:e863072cdf4c72eebf179342c94e6989c67185842d9997960b3e69290b2fa269",
                "sha256:bc6bced57f826ca7cb5125a10b23fd0f2fff3b7c4701d64c439a300ce665fff8",
                "sha256:c01b880ec30b5a6e6aa67b09a2fe3fb30473008c85cd6a67359a1b15ed6d83a4",
                "sha256:827dc04b8fa7d07c44de11fabbc888e627fa8293b695e0f99cb544fdfa1bf0d1",
                "sha256:592766c6303207a20efc445587778322d7f73b161bd994f227adaa341ba212ab",
                "sha256:5f84523c076ad14ff5e6c037fe1c89a7f73a3e04cf0377cb4d017014976433f3",
                "sha256:0c507b7f74b3d2dd4d1322ec8a94794927305ab4cebbe89cc47fe5e81541e6e8",
                "sha256:b4c423ab23291d3945ac61346feeb9a0dc4184999ede5e7c43e1ffb975130ae6",
                "sha256:ca233c64c6e40eaa6c66ef97058cdc80e8d0157a443655baa1b2966e812807ca",
                "sha256:4474f8ea030b5127225b8894d626bb66c01cda098d47a2b0d3429b6700af9fd8",
                "sha256:326420cbb492172dec84b0f65c80942de6cedb5233c413dd824483989c000608",
                "sha256:5ac82e411044fb129bae5cfbeb3ba626acb2af31a8d17d175004b70862a741a7"
            ],
            "version": "==3.12"
        },
        "repoze.lru": {
            "hashes": [
                "sha256:f77bf0e1096ea445beadd35f3479c5cff2aa1efe604a133e67150bc8630a62ea",
                "sha256:0429a75e19380e4ed50c0694e26ac8819b4ea7851ee1fc7583c8572db80aff77"
            ],
            "version": "==0.7"
        },
        "requests": {
            "hashes": [
                "sha256:6a1b267aa90cac58ac3a765d067950e7dbbf75b1da07e895d1f594193a40a38b",
                "sha256:9c443e7324ba5b85070c4a818ade28bfabedf16ea10206da1132edaa6dda237e"
            ],
            "version": "==2.18.4"
        },
        "rlp": {
            "hashes": [
                "sha256:87879a0ba1479b760cee98af165de2eee95258b261faa293199f60742be96f34"
            ],
            "version": "==0.6.0"
        },
        "scrypt": {
            "hashes": [
                "sha256:dc9abe69799ca423b938a06ddc33e5873e493ffcd68dbb9ba48396979b210d39",
                "sha256:4e3cd639cc83e3f2c2241a01ebef9487c48b1ddf2d78f430d82d8f9ef60c6271",
                "sha256:ae2fd88756fb4d98ccc5e2639af55eeb80863b3f9f6e0f539e5ce050964cdd5e",
                "sha256:60e8c96a287ab892d9c7e1523d157ccfbdbe66da0c31738c8ed5732c2eea6a23",
                "sha256:c0f90cabb8f6eaec05de5ce9aa9a9b67dc63d644e6b803beb1c43ae9b9452b65",
                "sha256:c37a1f8440d7c621d9f23f3c1f2a28848bc50fefbca581fd7a1b01583a083c07",
                "sha256:3422d11652cd12550540675e9fb54a1de6d60f3cbfedfb067284ef028589e2ee",
                "sha256:d4a5a4f53450b8ef629bbf1ee4be6105c69936e49b3d8bc621ac2287f0c86020",
                "sha256:6109a4df8c88f851df18a1a451e533dcc47e17cfe0e4561f4e08a82669ddc942",
                "sha256:136f7d1caf596c5ee1fc7eab223605e956c3f61f77090fd9ea4e3e57a2040b78",
                "sha256:c8909a2089fd1199781aa7ce2cb66b8866d40a9f9e1fba082e067ed9524d87e9",
                "sha256:4333b67f190e5eaddc8800aefe33abd7e81b589bbe84a84be66872a4955dad6e",
                "sha256:aeab005a8ae43a6e5d0165ce433a15955b151045d2bbfc52a8c96f100f825323",
                "sha256:bb141584fa0ebdfb8a2a1fc7ddcf119ee18b1b9cd0fb3e4df9615760648b9d49"
            ],
            "version": "==0.8.0"
        },
        "semantic-version": {
            "hashes": [
                "sha256:2d06ab7372034bcb8b54f2205370f4aa0643c133b7e6dbd129c5200b83ab394b",
                "sha256:2a4328680073e9b243667b201119772aefc5fc63ae32398d6afafff07c4f54c0"
            ],
            "version": "==2.6.0"
        },
        "toolz": {
            "hashes": [
                "sha256:929f0a7ea7f61c178bd951bdae93920515d3fbdbafc8e6caf82d752b9b3b31c9"
            ],
            "version": "==0.9.0"
        },
        "urllib3": {
            "hashes": [
                "sha256:06330f386d6e4b195fbfc736b297f58c5a892e4440e54d294d7004e3a9bbea1b",
                "sha256:cc44da8e1145637334317feebd728bd869a35285b93cbb4cca2577da7e62db4f"
            ],
            "version": "==1.22"
        },
        "web3": {
            "hashes": [
                "sha256:d8d15aa30a1ea71489787b70dc40b081e3338f5b330b00c4655ce22440c69486",
                "sha256:5ba2d91ce1c407723494face5e98b6ea5f6ef00c39ca4ba35ddd37e2df7d999e"
            ],
            "version": "==3.16.5"
        },
        "werkzeug": {
            "hashes": [
                "sha256:d5da73735293558eb1651ee2fddc4d0dedcfa06538b8813a2e20011583c9e49b",
                "sha256:c3fd7a7d41976d9f44db327260e263132466836cef6f91512889ed60ad26557c"
            ],
            "version": "==0.14.1"
        }
    },
    "develop": {}
}
